{
  "name": "@quevlu/resize-image-ratio",
  "version": "1.1.0",
  "lockfileVersion": 2,
  "requires": true,
  "packages": {
    "": {
      "name": "@quevlu/resize-image-ratio",
      "version": "1.1.0",
      "license": "ISC",
      "dependencies": {
        "create-object-url": "^1.0.2"
      }
    },
    "node_modules/create-object-url": {
      "version": "1.0.2",
      "resolved": "https://registry.npmjs.org/create-object-url/-/create-object-url-1.0.2.tgz",
      "integrity": "sha1-iwFLs5EeaadfRo4fM2rSOHRqPPM="
    }
  },
  "dependencies": {
    "create-object-url": {
      "version": "1.0.2",
      "resolved": "https://registry.npmjs.org/create-object-url/-/create-object-url-1.0.2.tgz",
      "integrity": "sha1-iwFLs5EeaadfRo4fM2rSOHRqPPM="
    }
  }
}
